// !$*UTF8*$!
{
	archiveVersion = 1;
	classes = {
	};
	objectVersion = 77;
	objects = {

/* Begin PBXContainerItemProxy section */
		836C6EF92D3D62C700AD8381 /* PBXContainerItemProxy */ = {
			isa = PBXContainerItemProxy;
			containerPortal = 836C6EDA2D3D62C600AD8381 /* Project object */;
			proxyType = 1;
			remoteGlobalIDString = 836C6EE12D3D62C600AD8381;
			remoteInfo = fabricaAutomoviles;
		};
		836C6F032D3D62C700AD8381 /* PBXContainerItemProxy */ = {
			isa = PBXContainerItemProxy;
			containerPortal = 836C6EDA2D3D62C600AD8381 /* Project object */;
			proxyType = 1;
			remoteGlobalIDString = 836C6EE12D3D62C600AD8381;
			remoteInfo = fabricaAutomoviles;
		};
/* End PBXContainerItemProxy section */

/* Begin PBXFileReference section */
		836C6EE22D3D62C600AD8381 /* fabricaAutomoviles.app */ = {isa = PBXFileReference; explicitFileType = wrapper.application; includeInIndex = 0; path = fabricaAutomoviles.app; sourceTree = BUILT_PRODUCTS_DIR; };
		836C6EF82D3D62C700AD8381 /* fabricaAutomovilesTests.xctest */ = {isa = PBXFileReference; explicitFileType = wrapper.cfbundle; includeInIndex = 0; path = fabricaAutomovilesTests.xctest; sourceTree = BUILT_PRODUCTS_DIR; };
		836C6F022D3D62C700AD8381 /* fabricaAutomovilesUITests.xctest */ = {isa = PBXFileReference; explicitFileType = wrapper.cfbundle; includeInIndex = 0; path = fabricaAutomovilesUITests.xctest; sourceTree = BUILT_PRODUCTS_DIR; };
/* End PBXFileReference section */

/* Begin PBXFileSystemSynchronizedBuildFileExceptionSet section */
		836C6F0A2D3D62C700AD8381 /* Exceptions for "fabricaAutomoviles" folder in "fabricaAutomoviles" target */ = {
			isa = PBXFileSystemSynchronizedBuildFileExceptionSet;
			membershipExceptions = (
				Info.plist,
			);
			target = 836C6EE12D3D62C600AD8381 /* fabricaAutomoviles */;
		};
/* End PBXFileSystemSynchronizedBuildFileExceptionSet section */

/* Begin PBXFileSystemSynchronizedRootGroup section */
		836C6EE42D3D62C600AD8381 /* fabricaAutomoviles */ = {
			isa = PBXFileSystemSynchronizedRootGroup;
			exceptions = (
				836C6F0A2D3D62C700AD8381 /* Exceptions for "fabricaAutomoviles" folder in "fabricaAutomoviles" target */,
			);
			path = fabricaAutomoviles;
			sourceTree = "<group>";
		};
		836C6EFB2D3D62C700AD8381 /* fabricaAutomovilesTests */ = {
			isa = PBXFileSystemSynchronizedRootGroup;
			path = fabricaAutomovilesTests;
			sourceTree = "<group>";
		};
		836C6F052D3D62C700AD8381 /* fabricaAutomovilesUITests */ = {
			isa = PBXFileSystemSynchronizedRootGroup;
			path = fabricaAutomovilesUITests;
			sourceTree = "<group>";
		};
/* End PBXFileSystemSynchronizedRootGroup section */

/* Begin PBXFrameworksBuildPhase section */
		836C6EDF2D3D62C600AD8381 /* Frameworks */ = {
			isa = PBXFrameworksBuildPhase;
			buildActionMask = 2147483647;
			files = (
			);
			runOnlyForDeploymentPostprocessing = 0;
		};
		836C6EF52D3D62C700AD8381 /* Frameworks */ = {
			isa = PBXFrameworksBuildPhase;
			buildActionMask = 2147483647;
			files = (
			);
			runOnlyForDeploymentPostprocessing = 0;
		};
		836C6EFF2D3D62C700AD8381 /* Frameworks */ = {
			isa = PBXFrameworksBuildPhase;
			buildActionMask = 2147483647;
			files = (
			);
			runOnlyForDeploymentPostprocessing = 0;
		};
/* End PBXFrameworksBuildPhase section */

/* Begin PBXGroup section */
		836C6ED92D3D62C600AD8381 = {
			isa = PBXGroup;
			children = (
				836C6EE42D3D62C600AD8381 /* fabricaAutomoviles */,
				836C6EFB2D3D62C700AD8381 /* fabricaAutomovilesTests */,
				836C6F052D3D62C700AD8381 /* fabricaAutomovilesUITests */,
				836C6EE32D3D62C600AD8381 /* Products */,
			);
			sourceTree = "<group>";
		};
		836C6EE32D3D62C600AD8381 /* Products */ = {
			isa = PBXGroup;
			children = (
				836C6EE22D3D62C600AD8381 /* fabricaAutomoviles.app */,
				836C6EF82D3D62C700AD8381 /* fabricaAutomovilesTests.xctest */,
				836C6F022D3D62C700AD8381 /* fabricaAutomovilesUITests.xctest */,
			);
			name = Products;
			sourceTree = "<group>";
		};
/* End PBXGroup section */

/* Begin PBXNativeTarget section */
		836C6EE12D3D62C600AD8381 /* fabricaAutomoviles */ = {
			isa = PBXNativeTarget;
			buildConfigurationList = 836C6F0B2D3D62C700AD8381 /* Build configuration list for PBXNativeTarget "fabricaAutomoviles" */;
			buildPhases = (
				836C6EDE2D3D62C600AD8381 /* Sources */,
				836C6EDF2D3D62C600AD8381 /* Frameworks */,
				836C6EE02D3D62C600AD8381 /* Resources */,
			);
			buildRules = (
			);
			dependencies = (
			);
			fileSystemSynchronizedGroups = (
				836C6EE42D3D62C600AD8381 /* fabricaAutomoviles */,
			);
			name = fabricaAutomoviles;
			packageProductDependencies = (
			);
			productName = fabricaAutomoviles;
			productReference = 836C6EE22D3D62C600AD8381 /* fabricaAutomoviles.app */;
			productType = "com.apple.product-type.application";
		};
		836C6EF72D3D62C700AD8381 /* fabricaAutomovilesTests */ = {
			isa = PBXNativeTarget;
			buildConfigurationList = 836C6F102D3D62C700AD8381 /* Build configuration list for PBXNativeTarget "fabricaAutomovilesTests" */;
			buildPhases = (
				836C6EF42D3D62C700AD8381 /* Sources */,
				836C6EF52D3D62C700AD8381 /* Frameworks */,
				836C6EF62D3D62C700AD8381 /* Resources */,
			);
			buildRules = (
			);
			dependencies = (
				836C6EFA2D3D62C700AD8381 /* PBXTargetDependency */,
			);
			fileSystemSynchronizedGroups = (
				836C6EFB2D3D62C700AD8381 /* fabricaAutomovilesTests */,
			);
			name = fabricaAutomovilesTests;
			packageProductDependencies = (
			);
			productName = fabricaAutomovilesTests;
			productReference = 836C6EF82D3D62C700AD8381 /* fabricaAutomovilesTests.xctest */;
			productType = "com.apple.product-type.bundle.unit-test";
		};
		836C6F012D3D62C700AD8381 /* fabricaAutomovilesUITests */ = {
			isa = PBXNativeTarget;
			buildConfigurationList = 836C6F132D3D62C700AD8381 /* Build configuration list for PBXNativeTarget "fabricaAutomovilesUITests" */;
			buildPhases = (
				836C6EFE2D3D62C700AD8381 /* Sources */,
				836C6EFF2D3D62C700AD8381 /* Frameworks */,
				836C6F002D3D62C700AD8381 /* Resources */,
			);
			buildRules = (
			);
			dependencies = (
				836C6F042D3D62C700AD8381 /* PBXTargetDependency */,
			);
			fileSystemSynchronizedGroups = (
				836C6F052D3D62C700AD8381 /* fabricaAutomovilesUITests */,
			);
			name = fabricaAutomovilesUITests;
			packageProductDependencies = (
			);
			productName = fabricaAutomovilesUITests;
			productReference = 836C6F022D3D62C700AD8381 /* fabricaAutomovilesUITests.xctest */;
			productType = "com.apple.product-type.bundle.ui-testing";
		};
/* End PBXNativeTarget section */

/* Begin PBXProject section */
		836C6EDA2D3D62C600AD8381 /* Project object */ = {
			isa = PBXProject;
			attributes = {
				BuildIndependentTargetsInParallel = 1;
				LastSwiftUpdateCheck = 1620;
				LastUpgradeCheck = 1620;
				TargetAttributes = {
					836C6EE12D3D62C600AD8381 = {
						CreatedOnToolsVersion = 16.2;
					};
					836C6EF72D3D62C700AD8381 = {
						CreatedOnToolsVersion = 16.2;
						TestTargetID = 836C6EE12D3D62C600AD8381;
					};
					836C6F012D3D62C700AD8381 = {
						CreatedOnToolsVersion = 16.2;
						TestTargetID = 836C6EE12D3D62C600AD8381;
					};
				};
			};
			buildConfigurationList = 836C6EDD2D3D62C600AD8381 /* Build configuration list for PBXProject "fabricaAutomoviles" */;
			developmentRegion = en;
			hasScannedForEncodings = 0;
			knownRegions = (
				en,
				Base,
			);
			mainGroup = 836C6ED92D3D62C600AD8381;
			minimizedProjectReferenceProxies = 1;
			preferredProjectObjectVersion = 77;
			productRefGroup = 836C6EE32D3D62C600AD8381 /* Products */;
			projectDirPath = "";
			projectRoot = "";
			targets = (
				836C6EE12D3D62C600AD8381 /* fabricaAutomoviles */,
				836C6EF72D3D62C700AD8381 /* fabricaAutomovilesTests */,
				836C6F012D3D62C700AD8381 /* fabricaAutomovilesUITests */,
			);
		};
/* End PBXProject section */

/* Begin PBXResourcesBuildPhase section */
		836C6EE02D3D62C600AD8381 /* Resources */ = {
			isa = PBXResourcesBuildPhase;
			buildActionMask = 2147483647;
			files = (
			);
			runOnlyForDeploymentPostprocessing = 0;
		};
		836C6EF62D3D62C700AD8381 /* Resources */ = {
			isa = PBXResourcesBuildPhase;
			buildActionMask = 2147483647;
			files = (
			);
			runOnlyForDeploymentPostprocessing = 0;
		};
		836C6F002D3D62C700AD8381 /* Resources */ = {
			isa = PBXResourcesBuildPhase;
			buildActionMask = 2147483647;
			files = (
			);
			runOnlyForDeploymentPostprocessing = 0;
		};
/* End PBXResourcesBuildPhase section */

/* Begin PBXSourcesBuildPhase section */
		836C6EDE2D3D62C600AD8381 /* Sources */ = {
			isa = PBXSourcesBuildPhase;
			buildActionMask = 2147483647;
			files = (
			);
			runOnlyForDeploymentPostprocessing = 0;
		};
		836C6EF42D3D62C700AD8381 /* Sources */ = {
			isa = PBXSourcesBuildPhase;
			buildActionMask = 2147483647;
			files = (
			);
			runOnlyForDeploymentPostprocessing = 0;
		};
		836C6EFE2D3D62C700AD8381 /* Sources */ = {
			isa = PBXSourcesBuildPhase;
			buildActionMask = 2147483647;
			files = (
			);
			runOnlyForDeploymentPostprocessing = 0;
		};
/* End PBXSourcesBuildPhase section */

/* Begin PBXTargetDependency section */
		836C6EFA2D3D62C700AD8381 /* PBXTargetDependency */ = {
			isa = PBXTargetDependency;
			target = 836C6EE12D3D62C600AD8381 /* fabricaAutomoviles */;
			targetProxy = 836C6EF92D3D62C700AD8381 /* PBXContainerItemProxy */;
		};
		836C6F042D3D62C700AD8381 /* PBXTargetDependency */ = {
			isa = PBXTargetDependency;
			target = 836C6EE12D3D62C600AD8381 /* fabricaAutomoviles */;
			targetProxy = 836C6F032D3D62C700AD8381 /* PBXContainerItemProxy */;
		};
/* End PBXTargetDependency section */

/* Begin XCBuildConfiguration section */
		836C6F0C2D3D62C700AD8381 /* Debug */ = {
			isa = XCBuildConfiguration;
			buildSettings = {
				ASSETCATALOG_COMPILER_APPICON_NAME = AppIcon;
				ASSETCATALOG_COMPILER_GLOBAL_ACCENT_COLOR_NAME = AccentColor;
				CODE_SIGN_STYLE = Automatic;
				CURRENT_PROJECT_VERSION = 1;
				DEVELOPMENT_TEAM = Y6MXH3WF8X;
				GENERATE_INFOPLIST_FILE = YES;
				INFOPLIST_FILE = fabricaAutomoviles/Info.plist;
				INFOPLIST_KEY_UIApplicationSupportsIndirectInputEvents = YES;
				INFOPLIST_KEY_UILaunchStoryboardName = LaunchScreen;
				INFOPLIST_KEY_UIMainStoryboardFile = Main;
				INFOPLIST_KEY_UISupportedInterfaceOrientations_iPad = "UIInterfaceOrientationPortrait UIInterfaceOrientationPortraitUpsideDown UIInterfaceOrientationLandscapeLeft UIInterfaceOrientationLandscapeRight";
				INFOPLIST_KEY_UISupportedInterfaceOrientations_iPhone = "UIInterfaceOrientationPortrait UIInterfaceOrientationLandscapeLeft UIInterfaceOrientationLandscapeRight";
				LD_RUNPATH_SEARCH_PATHS = (
					"$(inherited)",
					"@executable_path/Frameworks",
				);
				MARKETING_VERSION = 1.0;
				PRODUCT_BUNDLE_IDENTIFIER = n1g1.fabricaAutomoviles;
				PRODUCT_NAME = "$(TARGET_NAME)";
				SWIFT_EMIT_LOC_STRINGS = YES;
				SWIFT_VERSION = 5.0;
				TARGETED_DEVICE_FAMILY = "1,2";
			};
			name = Debug;
		};
		836C6F0D2D3D62C700AD8381 /* Release */ = {
			isa = XCBuildConfiguration;
			buildSettings = {
				ASSETCATALOG_COMPILER_APPICON_NAME = AppIcon;
				ASSETCATALOG_COMPILER_GLOBAL_ACCENT_COLOR_NAME = AccentColor;
				CODE_SIGN_STYLE = Automatic;
				CURRENT_PROJECT_VERSION = 1;
				DEVELOPMENT_TEAM = Y6MXH3WF8X;
				GENERATE_INFOPLIST_FILE = YES;
				INFOPLIST_FILE = fabricaAutomoviles/Info.plist;
				INFOPLIST_KEY_UIApplicationSupportsIndirectInputEvents = YES;
				INFOPLIST_KEY_UILaunchStoryboardName = LaunchScreen;
				INFOPLIST_KEY_UIMainStoryboardFile = Main;
				INFOPLIST_KEY_UISupportedInterfaceOrientations_iPad = "UIInterfaceOrientationPortrait UIInterfaceOrientationPortraitUpsideDown UIInterfaceOrientationLandscapeLeft UIInterfaceOrientationLandscapeRight";
				INFOPLIST_KEY_UISupportedInterfaceOrientations_iPhone = "UIInterfaceOrientationPortrait UIInterfaceOrientationLandscapeLeft UIInterfaceOrientationLandscapeRight";
				LD_RUNPATH_SEARCH_PATHS = (
					"$(inherited)",
					"@executable_path/Frameworks",
				);
				MARKETING_VERSION = 1.0;
				PRODUCT_BUNDLE_IDENTIFIER = n1g1.fabricaAutomoviles;
				PRODUCT_NAME = "$(TARGET_NAME)";
				SWIFT_EMIT_LOC_STRINGS = YES;
				SWIFT_VERSION = 5.0;
				TARGETED_DEVICE_FAMILY = "1,2";
			};
			name = Release;
		};
		836C6F0E2D3D62C700AD8381 /* Debug */ = {
			isa = XCBuildConfiguration;
			buildSettings = {
				ALWAYS_SEARCH_USER_PATHS = NO;
				ASSETCATALOG_COMPILER_GENERATE_SWIFT_ASSET_SYMBOL_EXTENSIONS = YES;
				CLANG_ANALYZER_NONNULL = YES;
				CLANG_ANALYZER_NUMBER_OBJECT_CONVERSION = YES_AGGRESSIVE;
				CLANG_CXX_LANGUAGE_STANDARD = "gnu++20";
				CLANG_ENABLE_MODULES = YES;
				CLANG_ENABLE_OBJC_ARC = YES;
				CLANG_ENABLE_OBJC_WEAK = YES;
				CLANG_WARN_BLOCK_CAPTURE_AUTORELEASING = YES;
				CLANG_WARN_BOOL_CONVERSION = YES;
				CLANG_WARN_COMMA = YES;
				CLANG_WARN_CONSTANT_CONVERSION = YES;
				CLANG_WARN_DEPRECATED_OBJC_IMPLEMENTATIONS = YES;
				CLANG_WARN_DIRECT_OBJC_ISA_USAGE = YES_ERROR;
				CLANG_WARN_DOCUMENTATION_COMMENTS = YES;
				CLANG_WARN_EMPTY_BODY = YES;
				CLANG_WARN_ENUM_CONVERSION = YES;
				CLANG_WARN_INFINITE_RECURSION = YES;
				CLANG_WARN_INT_CONVERSION = YES;
				CLANG_WARN_NON_LITERAL_NULL_CONVERSION = YES;
				CLANG_WARN_OBJC_IMPLICIT_RETAIN_SELF = YES;
				CLANG_WARN_OBJC_LITERAL_CONVERSION = YES;
				CLANG_WARN_OBJC_ROOT_CLASS = YES_ERROR;
				CLANG_WARN_QUOTED_INCLUDE_IN_FRAMEWORK_HEADER = YES;
				CLANG_WARN_RANGE_LOOP_ANALYSIS = YES;
				CLANG_WARN_STRICT_PROTOTYPES = YES;
				CLANG_WARN_SUSPICIOUS_MOVE = YES;
				CLANG_WARN_UNGUARDED_AVAILABILITY = YES_AGGRESSIVE;
				CLANG_WARN_UNREACHABLE_CODE = YES;
				CLANG_WARN__DUPLICATE_METHOD_MATCH = YES;
				COPY_PHASE_STRIP = NO;
				DEBUG_INFORMATION_FORMAT = dwarf;
				ENABLE_STRICT_OBJC_MSGSEND = YES;
				ENABLE_TESTABILITY = YES;
				ENABLE_USER_SCRIPT_SANDBOXING = YES;
				GCC_C_LANGUAGE_STANDARD = gnu17;
				GCC_DYNAMIC_NO_PIC = NO;
				GCC_NO_COMMON_BLOCKS = YES;
				GCC_OPTIMIZATION_LEVEL = 0;
				GCC_PREPROCESSOR_DEFINITIONS = (
					"DEBUG=1",
					"$(inherited)",
				);
				GCC_WARN_64_TO_32_BIT_CONVERSION = YES;
				GCC_WARN_ABOUT_RETURN_TYPE = YES_ERROR;
				GCC_WARN_UNDECLARED_SELECTOR = YES;
				GCC_WARN_UNINITIALIZED_AUTOS = YES_AGGRESSIVE;
				GCC_WARN_UNUSED_FUNCTION = YES;
				GCC_WARN_UNUSED_VARIABLE = YES;
				IPHONEOS_DEPLOYMENT_TARGET = 18.2;
				LOCALIZATION_PREFERS_STRING_CATALOGS = YES;
				MTL_ENABLE_DEBUG_INFO = INCLUDE_SOURCE;
				MTL_FAST_MATH = YES;
				ONLY_ACTIVE_ARCH = YES;
				SDKROOT = iphoneos;
				SWIFT_ACTIVE_COMPILATION_CONDITIONS = "DEBUG $(inherited)";
				SWIFT_OPTIMIZATION_LEVEL = "-Onone";
			};
			name = Debug;
		};
		836C6F0F2D3D62C700AD8381 /* Release */ = {
			isa = XCBuildConfiguration;
			buildSettings = {
				ALWAYS_SEARCH_USER_PATHS = NO;
				ASSETCATALOG_COMPILER_GENERATE_SWIFT_ASSET_SYMBOL_EXTENSIONS = YES;
				CLANG_ANALYZER_NONNULL = YES;
				CLANG_ANALYZER_NUMBER_OBJECT_CONVERSION = YES_AGGRESSIVE;
				CLANG_CXX_LANGUAGE_STANDARD = "gnu++20";
				CLANG_ENABLE_MODULES = YES;
				CLANG_ENABLE_OBJC_ARC = YES;
				CLANG_ENABLE_OBJC_WEAK = YES;
				CLANG_WARN_BLOCK_CAPTURE_AUTORELEASING = YES;
				CLANG_WARN_BOOL_CONVERSION = YES;
				CLANG_WARN_COMMA = YES;
				CLANG_WARN_CONSTANT_CONVERSION = YES;
				CLANG_WARN_DEPRECATED_OBJC_IMPLEMENTATIONS = YES;
				CLANG_WARN_DIRECT_OBJC_ISA_USAGE = YES_ERROR;
				CLANG_WARN_DOCUMENTATION_COMMENTS = YES;
				CLANG_WARN_EMPTY_BODY = YES;
				CLANG_WARN_ENUM_CONVERSION = YES;
				CLANG_WARN_INFINITE_RECURSION = YES;
				CLANG_WARN_INT_CONVERSION = YES;
				CLANG_WARN_NON_LITERAL_NULL_CONVERSION = YES;
				CLANG_WARN_OBJC_IMPLICIT_RETAIN_SELF = YES;
				CLANG_WARN_OBJC_LITERAL_CONVERSION = YES;
				CLANG_WARN_OBJC_ROOT_CLASS = YES_ERROR;
				CLANG_WARN_QUOTED_INCLUDE_IN_FRAMEWORK_HEADER = YES;
				CLANG_WARN_RANGE_LOOP_ANALYSIS = YES;
				CLANG_WARN_STRICT_PROTOTYPES = YES;
				CLANG_WARN_SUSPICIOUS_MOVE = YES;
				CLANG_WARN_UNGUARDED_AVAILABILITY = YES_AGGRESSIVE;
				CLANG_WARN_UNREACHABLE_CODE = YES;
				CLANG_WARN__DUPLICATE_METHOD_MATCH = YES;
				COPY_PHASE_STRIP = NO;
				DEBUG_INFORMATION_FORMAT = "dwarf-with-dsym";
				ENABLE_NS_ASSERTIONS = NO;
				ENABLE_STRICT_OBJC_MSGSEND = YES;
				ENABLE_USER_SCRIPT_SANDBOXING = YES;
				GCC_C_LANGUAGE_STANDARD = gnu17;
				GCC_NO_COMMON_BLOCKS = YES;
				GCC_WARN_64_TO_32_BIT_CONVERSION = YES;
				GCC_WARN_ABOUT_RETURN_TYPE = YES_ERROR;
				GCC_WARN_UNDECLARED_SELECTOR = YES;
				GCC_WARN_UNINITIALIZED_AUTOS = YES_AGGRESSIVE;
				GCC_WARN_UNUSED_FUNCTION = YES;
				GCC_WARN_UNUSED_VARIABLE = YES;
				IPHONEOS_DEPLOYMENT_TARGET = 18.2;
				LOCALIZATION_PREFERS_STRING_CATALOGS = YES;
				MTL_ENABLE_DEBUG_INFO = NO;
				MTL_FAST_MATH = YES;
				SDKROOT = iphoneos;
				SWIFT_COMPILATION_MODE = wholemodule;
				VALIDATE_PRODUCT = YES;
			};
			name = Release;
		};
		836C6F112D3D62C700AD8381 /* Debug */ = {
			isa = XCBuildConfiguration;
			buildSettings = {
				BUNDLE_LOADER = "$(TEST_HOST)";
				CODE_SIGN_STYLE = Automatic;
				CURRENT_PROJECT_VERSION = 1;
				DEVELOPMENT_TEAM = Y6MXH3WF8X;
				GENERATE_INFOPLIST_FILE = YES;
				IPHONEOS_DEPLOYMENT_TARGET = 18.2;
				MARKETING_VERSION = 1.0;
				PRODUCT_BUNDLE_IDENTIFIER = n1g1.fabricaAutomovilesTests;
				PRODUCT_NAME = "$(TARGET_NAME)";
				SWIFT_EMIT_LOC_STRINGS = NO;
				SWIFT_VERSION = 5.0;
				TARGETED_DEVICE_FAMILY = "1,2";
				TEST_HOST = "$(BUILT_PRODUCTS_DIR)/fabricaAutomoviles.app/$(BUNDLE_EXECUTABLE_FOLDER_PATH)/fabricaAutomoviles";
			};
			name = Debug;
		};
		836C6F122D3D62C700AD8381 /* Release */ = {
			isa = XCBuildConfiguration;
			buildSettings = {
				BUNDLE_LOADER = "$(TEST_HOST)";
				CODE_SIGN_STYLE = Automatic;
				CURRENT_PROJECT_VERSION = 1;
				DEVELOPMENT_TEAM = Y6MXH3WF8X;
				GENERATE_INFOPLIST_FILE = YES;
				IPHONEOS_DEPLOYMENT_TARGET = 18.2;
				MARKETING_VERSION = 1.0;
				PRODUCT_BUNDLE_IDENTIFIER = n1g1.fabricaAutomovilesTests;
				PRODUCT_NAME = "$(TARGET_NAME)";
				SWIFT_EMIT_LOC_STRINGS = NO;
				SWIFT_VERSION = 5.0;
				TARGETED_DEVICE_FAMILY = "1,2";
				TEST_HOST = "$(BUILT_PRODUCTS_DIR)/fabricaAutomoviles.app/$(BUNDLE_EXECUTABLE_FOLDER_PATH)/fabricaAutomoviles";
			};
			name = Release;
		};
		836C6F142D3D62C700AD8381 /* Debug */ = {
			isa = XCBuildConfiguration;
			buildSettings = {
				CODE_SIGN_STYLE = Automatic;
				CURRENT_PROJECT_VERSION = 1;
				DEVELOPMENT_TEAM = Y6MXH3WF8X;
				GENERATE_INFOPLIST_FILE = YES;
				MARKETING_VERSION = 1.0;
				PRODUCT_BUNDLE_IDENTIFIER = n1g1.fabricaAutomovilesUITests;
				PRODUCT_NAME = "$(TARGET_NAME)";
				SWIFT_EMIT_LOC_STRINGS = NO;
				SWIFT_VERSION = 5.0;
				TARGETED_DEVICE_FAMILY = "1,2";
				TEST_TARGET_NAME = fabricaAutomoviles;
			};
			name = Debug;
		};
		836C6F152D3D62C700AD8381 /* Release */ = {
			isa = XCBuildConfiguration;
			buildSettings = {
				CODE_SIGN_STYLE = Automatic;
				CURRENT_PROJECT_VERSION = 1;
				DEVELOPMENT_TEAM = Y6MXH3WF8X;
				GENERATE_INFOPLIST_FILE = YES;
				MARKETING_VERSION = 1.0;
				PRODUCT_BUNDLE_IDENTIFIER = n1g1.fabricaAutomovilesUITests;
				PRODUCT_NAME = "$(TARGET_NAME)";
				SWIFT_EMIT_LOC_STRINGS = NO;
				SWIFT_VERSION = 5.0;
				TARGETED_DEVICE_FAMILY = "1,2";
				TEST_TARGET_NAME = fabricaAutomoviles;
			};
			name = Release;
		};
/* End XCBuildConfiguration section */

/* Begin XCConfigurationList section */
		836C6EDD2D3D62C600AD8381 /* Build configuration list for PBXProject "fabricaAutomoviles" */ = {
			isa = XCConfigurationList;
			buildConfigurations = (
				836C6F0E2D3D62C700AD8381 /* Debug */,
				836C6F0F2D3D62C700AD8381 /* Release */,
			);
			defaultConfigurationIsVisible = 0;
			defaultConfigurationName = Release;
		};
		836C6F0B2D3D62C700AD8381 /* Build configuration list for PBXNativeTarget "fabricaAutomoviles" */ = {
			isa = XCConfigurationList;
			buildConfigurations = (
				836C6F0C2D3D62C700AD8381 /* Debug */,
				836C6F0D2D3D62C700AD8381 /* Release */,
			);
			defaultConfigurationIsVisible = 0;
			defaultConfigurationName = Release;
		};
		836C6F102D3D62C700AD8381 /* Build configuration list for PBXNativeTarget "fabricaAutomovilesTests" */ = {
			isa = XCConfigurationList;
			buildConfigurations = (
				836C6F112D3D62C700AD8381 /* Debug */,
				836C6F122D3D62C700AD8381 /* Release */,
			);
			defaultConfigurationIsVisible = 0;
			defaultConfigurationName = Release;
		};
		836C6F132D3D62C700AD8381 /* Build configuration list for PBXNativeTarget "fabricaAutomovilesUITests" */ = {
			isa = XCConfigurationList;
			buildConfigurations = (
				836C6F142D3D62C700AD8381 /* Debug */,
				836C6F152D3D62C700AD8381 /* Release */,
			);
			defaultConfigurationIsVisible = 0;
			defaultConfigurationName = Release;
		};
/* End XCConfigurationList section */
	};
	rootObject = 836C6EDA2D3D62C600AD8381 /* Project object */;
}
