// !$*UTF8*$!
{
	archiveVersion = 1;
	classes = {
	};
	objectVersion = 77;
	objects = {

/* Begin PBXContainerItemProxy section */
		83AE1D4E2D3B31D100998E21 /* PBXContainerItemProxy */ = {
			isa = PBXContainerItemProxy;
			containerPortal = 83AE1D2F2D3B31D000998E21 /* Project object */;
			proxyType = 1;
			remoteGlobalIDString = 83AE1D362D3B31D000998E21;
			remoteInfo = MyCustomCollection;
		};
		83AE1D582D3B31D100998E21 /* PBXContainerItemProxy */ = {
			isa = PBXContainerItemProxy;
			containerPortal = 83AE1D2F2D3B31D000998E21 /* Project object */;
			proxyType = 1;
			remoteGlobalIDString = 83AE1D362D3B31D000998E21;
			remoteInfo = MyCustomCollection;
		};
/* End PBXContainerItemProxy section */

/* Begin PBXFileReference section */
		83AE1D372D3B31D000998E21 /* MyCustomCollection.app */ = {isa = PBXFileReference; explicitFileType = wrapper.application; includeInIndex = 0; path = MyCustomCollection.app; sourceTree = BUILT_PRODUCTS_DIR; };
		83AE1D4D2D3B31D100998E21 /* MyCustomCollectionTests.xctest */ = {isa = PBXFileReference; explicitFileType = wrapper.cfbundle; includeInIndex = 0; path = MyCustomCollectionTests.xctest; sourceTree = BUILT_PRODUCTS_DIR; };
		83AE1D572D3B31D100998E21 /* MyCustomCollectionUITests.xctest */ = {isa = PBXFileReference; explicitFileType = wrapper.cfbundle; includeInIndex = 0; path = MyCustomCollectionUITests.xctest; sourceTree = BUILT_PRODUCTS_DIR; };
/* End PBXFileReference section */

/* Begin PBXFileSystemSynchronizedBuildFileExceptionSet section */
		83AE1D5F2D3B31D100998E21 /* Exceptions for "MyCustomCollection" folder in "MyCustomCollection" target */ = {
			isa = PBXFileSystemSynchronizedBuildFileExceptionSet;
			membershipExceptions = (
				Info.plist,
			);
			target = 83AE1D362D3B31D000998E21 /* MyCustomCollection */;
		};
/* End PBXFileSystemSynchronizedBuildFileExceptionSet section */

/* Begin PBXFileSystemSynchronizedRootGroup section */
		83AE1D392D3B31D000998E21 /* MyCustomCollection */ = {
			isa = PBXFileSystemSynchronizedRootGroup;
			exceptions = (
				83AE1D5F2D3B31D100998E21 /* Exceptions for "MyCustomCollection" folder in "MyCustomCollection" target */,
			);
			path = MyCustomCollection;
			sourceTree = "<group>";
		};
		83AE1D502D3B31D100998E21 /* MyCustomCollectionTests */ = {
			isa = PBXFileSystemSynchronizedRootGroup;
			path = MyCustomCollectionTests;
			sourceTree = "<group>";
		};
		83AE1D5A2D3B31D100998E21 /* MyCustomCollectionUITests */ = {
			isa = PBXFileSystemSynchronizedRootGroup;
			path = MyCustomCollectionUITests;
			sourceTree = "<group>";
		};
/* End PBXFileSystemSynchronizedRootGroup section */

/* Begin PBXFrameworksBuildPhase section */
		83AE1D342D3B31D000998E21 /* Frameworks */ = {
			isa = PBXFrameworksBuildPhase;
			buildActionMask = 2147483647;
			files = (
			);
			runOnlyForDeploymentPostprocessing = 0;
		};
		83AE1D4A2D3B31D100998E21 /* Frameworks */ = {
			isa = PBXFrameworksBuildPhase;
			buildActionMask = 2147483647;
			files = (
			);
			runOnlyForDeploymentPostprocessing = 0;
		};
		83AE1D542D3B31D100998E21 /* Frameworks */ = {
			isa = PBXFrameworksBuildPhase;
			buildActionMask = 2147483647;
			files = (
			);
			runOnlyForDeploymentPostprocessing = 0;
		};
/* End PBXFrameworksBuildPhase section */

/* Begin PBXGroup section */
		83AE1D2E2D3B31D000998E21 = {
			isa = PBXGroup;
			children = (
				83AE1D392D3B31D000998E21 /* MyCustomCollection */,
				83AE1D502D3B31D100998E21 /* MyCustomCollectionTests */,
				83AE1D5A2D3B31D100998E21 /* MyCustomCollectionUITests */,
				83AE1D382D3B31D000998E21 /* Products */,
			);
			sourceTree = "<group>";
		};
		83AE1D382D3B31D000998E21 /* Products */ = {
			isa = PBXGroup;
			children = (
				83AE1D372D3B31D000998E21 /* MyCustomCollection.app */,
				83AE1D4D2D3B31D100998E21 /* MyCustomCollectionTests.xctest */,
				83AE1D572D3B31D100998E21 /* MyCustomCollectionUITests.xctest */,
			);
			name = Products;
			sourceTree = "<group>";
		};
/* End PBXGroup section */

/* Begin PBXNativeTarget section */
		83AE1D362D3B31D000998E21 /* MyCustomCollection */ = {
			isa = PBXNativeTarget;
			buildConfigurationList = 83AE1D602D3B31D100998E21 /* Build configuration list for PBXNativeTarget "MyCustomCollection" */;
			buildPhases = (
				83AE1D332D3B31D000998E21 /* Sources */,
				83AE1D342D3B31D000998E21 /* Frameworks */,
				83AE1D352D3B31D000998E21 /* Resources */,
			);
			buildRules = (
			);
			dependencies = (
			);
			fileSystemSynchronizedGroups = (
				83AE1D392D3B31D000998E21 /* MyCustomCollection */,
			);
			name = MyCustomCollection;
			packageProductDependencies = (
			);
			productName = MyCustomCollection;
			productReference = 83AE1D372D3B31D000998E21 /* MyCustomCollection.app */;
			productType = "com.apple.product-type.application";
		};
		83AE1D4C2D3B31D100998E21 /* MyCustomCollectionTests */ = {
			isa = PBXNativeTarget;
			buildConfigurationList = 83AE1D652D3B31D100998E21 /* Build configuration list for PBXNativeTarget "MyCustomCollectionTests" */;
			buildPhases = (
				83AE1D492D3B31D100998E21 /* Sources */,
				83AE1D4A2D3B31D100998E21 /* Frameworks */,
				83AE1D4B2D3B31D100998E21 /* Resources */,
			);
			buildRules = (
			);
			dependencies = (
				83AE1D4F2D3B31D100998E21 /* PBXTargetDependency */,
			);
			fileSystemSynchronizedGroups = (
				83AE1D502D3B31D100998E21 /* MyCustomCollectionTests */,
			);
			name = MyCustomCollectionTests;
			packageProductDependencies = (
			);
			productName = MyCustomCollectionTests;
			productReference = 83AE1D4D2D3B31D100998E21 /* MyCustomCollectionTests.xctest */;
			productType = "com.apple.product-type.bundle.unit-test";
		};
		83AE1D562D3B31D100998E21 /* MyCustomCollectionUITests */ = {
			isa = PBXNativeTarget;
			buildConfigurationList = 83AE1D682D3B31D100998E21 /* Build configuration list for PBXNativeTarget "MyCustomCollectionUITests" */;
			buildPhases = (
				83AE1D532D3B31D100998E21 /* Sources */,
				83AE1D542D3B31D100998E21 /* Frameworks */,
				83AE1D552D3B31D100998E21 /* Resources */,
			);
			buildRules = (
			);
			dependencies = (
				83AE1D592D3B31D100998E21 /* PBXTargetDependency */,
			);
			fileSystemSynchronizedGroups = (
				83AE1D5A2D3B31D100998E21 /* MyCustomCollectionUITests */,
			);
			name = MyCustomCollectionUITests;
			packageProductDependencies = (
			);
			productName = MyCustomCollectionUITests;
			productReference = 83AE1D572D3B31D100998E21 /* MyCustomCollectionUITests.xctest */;
			productType = "com.apple.product-type.bundle.ui-testing";
		};
/* End PBXNativeTarget section */

/* Begin PBXProject section */
		83AE1D2F2D3B31D000998E21 /* Project object */ = {
			isa = PBXProject;
			attributes = {
				BuildIndependentTargetsInParallel = 1;
				LastSwiftUpdateCheck = 1620;
				LastUpgradeCheck = 1620;
				TargetAttributes = {
					83AE1D362D3B31D000998E21 = {
						CreatedOnToolsVersion = 16.2;
					};
					83AE1D4C2D3B31D100998E21 = {
						CreatedOnToolsVersion = 16.2;
						TestTargetID = 83AE1D362D3B31D000998E21;
					};
					83AE1D562D3B31D100998E21 = {
						CreatedOnToolsVersion = 16.2;
						TestTargetID = 83AE1D362D3B31D000998E21;
					};
				};
			};
			buildConfigurationList = 83AE1D322D3B31D000998E21 /* Build configuration list for PBXProject "MyCustomCollection" */;
			developmentRegion = en;
			hasScannedForEncodings = 0;
			knownRegions = (
				en,
				Base,
			);
			mainGroup = 83AE1D2E2D3B31D000998E21;
			minimizedProjectReferenceProxies = 1;
			preferredProjectObjectVersion = 77;
			productRefGroup = 83AE1D382D3B31D000998E21 /* Products */;
			projectDirPath = "";
			projectRoot = "";
			targets = (
				83AE1D362D3B31D000998E21 /* MyCustomCollection */,
				83AE1D4C2D3B31D100998E21 /* MyCustomCollectionTests */,
				83AE1D562D3B31D100998E21 /* MyCustomCollectionUITests */,
			);
		};
/* End PBXProject section */

/* Begin PBXResourcesBuildPhase section */
		83AE1D352D3B31D000998E21 /* Resources */ = {
			isa = PBXResourcesBuildPhase;
			buildActionMask = 2147483647;
			files = (
			);
			runOnlyForDeploymentPostprocessing = 0;
		};
		83AE1D4B2D3B31D100998E21 /* Resources */ = {
			isa = PBXResourcesBuildPhase;
			buildActionMask = 2147483647;
			files = (
			);
			runOnlyForDeploymentPostprocessing = 0;
		};
		83AE1D552D3B31D100998E21 /* Resources */ = {
			isa = PBXResourcesBuildPhase;
			buildActionMask = 2147483647;
			files = (
			);
			runOnlyForDeploymentPostprocessing = 0;
		};
/* End PBXResourcesBuildPhase section */

/* Begin PBXSourcesBuildPhase section */
		83AE1D332D3B31D000998E21 /* Sources */ = {
			isa = PBXSourcesBuildPhase;
			buildActionMask = 2147483647;
			files = (
			);
			runOnlyForDeploymentPostprocessing = 0;
		};
		83AE1D492D3B31D100998E21 /* Sources */ = {
			isa = PBXSourcesBuildPhase;
			buildActionMask = 2147483647;
			files = (
			);
			runOnlyForDeploymentPostprocessing = 0;
		};
		83AE1D532D3B31D100998E21 /* Sources */ = {
			isa = PBXSourcesBuildPhase;
			buildActionMask = 2147483647;
			files = (
			);
			runOnlyForDeploymentPostprocessing = 0;
		};
/* End PBXSourcesBuildPhase section */

/* Begin PBXTargetDependency section */
		83AE1D4F2D3B31D100998E21 /* PBXTargetDependency */ = {
			isa = PBXTargetDependency;
			target = 83AE1D362D3B31D000998E21 /* MyCustomCollection */;
			targetProxy = 83AE1D4E2D3B31D100998E21 /* PBXContainerItemProxy */;
		};
		83AE1D592D3B31D100998E21 /* PBXTargetDependency */ = {
			isa = PBXTargetDependency;
			target = 83AE1D362D3B31D000998E21 /* MyCustomCollection */;
			targetProxy = 83AE1D582D3B31D100998E21 /* PBXContainerItemProxy */;
		};
/* End PBXTargetDependency section */

/* Begin XCBuildConfiguration section */
		83AE1D612D3B31D100998E21 /* Debug */ = {
			isa = XCBuildConfiguration;
			buildSettings = {
				ASSETCATALOG_COMPILER_APPICON_NAME = AppIcon;
				ASSETCATALOG_COMPILER_GLOBAL_ACCENT_COLOR_NAME = AccentColor;
				CODE_SIGN_STYLE = Automatic;
				CURRENT_PROJECT_VERSION = 1;
				DEVELOPMENT_TEAM = Y6MXH3WF8X;
				GENERATE_INFOPLIST_FILE = YES;
				INFOPLIST_FILE = MyCustomCollection/Info.plist;
				INFOPLIST_KEY_UIApplicationSupportsIndirectInputEvents = YES;
				INFOPLIST_KEY_UILaunchStoryboardName = LaunchScreen;
				INFOPLIST_KEY_UIMainStoryboardFile = Main;
				INFOPLIST_KEY_UISupportedInterfaceOrientations_iPad = "UIInterfaceOrientationPortrait UIInterfaceOrientationPortraitUpsideDown UIInterfaceOrientationLandscapeLeft UIInterfaceOrientationLandscapeRight";
				INFOPLIST_KEY_UISupportedInterfaceOrientations_iPhone = "UIInterfaceOrientationPortrait UIInterfaceOrientationLandscapeLeft UIInterfaceOrientationLandscapeRight";
				LD_RUNPATH_SEARCH_PATHS = (
					"$(inherited)",
					"@executable_path/Frameworks",
				);
				MARKETING_VERSION = 1.0;
				PRODUCT_BUNDLE_IDENTIFIER = n1g1.MyCustomCollection;
				PRODUCT_NAME = "$(TARGET_NAME)";
				SWIFT_EMIT_LOC_STRINGS = YES;
				SWIFT_VERSION = 5.0;
				TARGETED_DEVICE_FAMILY = "1,2";
			};
			name = Debug;
		};
		83AE1D622D3B31D100998E21 /* Release */ = {
			isa = XCBuildConfiguration;
			buildSettings = {
				ASSETCATALOG_COMPILER_APPICON_NAME = AppIcon;
				ASSETCATALOG_COMPILER_GLOBAL_ACCENT_COLOR_NAME = AccentColor;
				CODE_SIGN_STYLE = Automatic;
				CURRENT_PROJECT_VERSION = 1;
				DEVELOPMENT_TEAM = Y6MXH3WF8X;
				GENERATE_INFOPLIST_FILE = YES;
				INFOPLIST_FILE = MyCustomCollection/Info.plist;
				INFOPLIST_KEY_UIApplicationSupportsIndirectInputEvents = YES;
				INFOPLIST_KEY_UILaunchStoryboardName = LaunchScreen;
				INFOPLIST_KEY_UIMainStoryboardFile = Main;
				INFOPLIST_KEY_UISupportedInterfaceOrientations_iPad = "UIInterfaceOrientationPortrait UIInterfaceOrientationPortraitUpsideDown UIInterfaceOrientationLandscapeLeft UIInterfaceOrientationLandscapeRight";
				INFOPLIST_KEY_UISupportedInterfaceOrientations_iPhone = "UIInterfaceOrientationPortrait UIInterfaceOrientationLandscapeLeft UIInterfaceOrientationLandscapeRight";
				LD_RUNPATH_SEARCH_PATHS = (
					"$(inherited)",
					"@executable_path/Frameworks",
				);
				MARKETING_VERSION = 1.0;
				PRODUCT_BUNDLE_IDENTIFIER = n1g1.MyCustomCollection;
				PRODUCT_NAME = "$(TARGET_NAME)";
				SWIFT_EMIT_LOC_STRINGS = YES;
				SWIFT_VERSION = 5.0;
				TARGETED_DEVICE_FAMILY = "1,2";
			};
			name = Release;
		};
		83AE1D632D3B31D100998E21 /* Debug */ = {
			isa = XCBuildConfiguration;
			buildSettings = {
				ALWAYS_SEARCH_USER_PATHS = NO;
				ASSETCATALOG_COMPILER_GENERATE_SWIFT_ASSET_SYMBOL_EXTENSIONS = YES;
				CLANG_ANALYZER_NONNULL = YES;
				CLANG_ANALYZER_NUMBER_OBJECT_CONVERSION = YES_AGGRESSIVE;
				CLANG_CXX_LANGUAGE_STANDARD = "gnu++20";
				CLANG_ENABLE_MODULES = YES;
				CLANG_ENABLE_OBJC_ARC = YES;
				CLANG_ENABLE_OBJC_WEAK = YES;
				CLANG_WARN_BLOCK_CAPTURE_AUTORELEASING = YES;
				CLANG_WARN_BOOL_CONVERSION = YES;
				CLANG_WARN_COMMA = YES;
				CLANG_WARN_CONSTANT_CONVERSION = YES;
				CLANG_WARN_DEPRECATED_OBJC_IMPLEMENTATIONS = YES;
				CLANG_WARN_DIRECT_OBJC_ISA_USAGE = YES_ERROR;
				CLANG_WARN_DOCUMENTATION_COMMENTS = YES;
				CLANG_WARN_EMPTY_BODY = YES;
				CLANG_WARN_ENUM_CONVERSION = YES;
				CLANG_WARN_INFINITE_RECURSION = YES;
				CLANG_WARN_INT_CONVERSION = YES;
				CLANG_WARN_NON_LITERAL_NULL_CONVERSION = YES;
				CLANG_WARN_OBJC_IMPLICIT_RETAIN_SELF = YES;
				CLANG_WARN_OBJC_LITERAL_CONVERSION = YES;
				CLANG_WARN_OBJC_ROOT_CLASS = YES_ERROR;
				CLANG_WARN_QUOTED_INCLUDE_IN_FRAMEWORK_HEADER = YES;
				CLANG_WARN_RANGE_LOOP_ANALYSIS = YES;
				CLANG_WARN_STRICT_PROTOTYPES = YES;
				CLANG_WARN_SUSPICIOUS_MOVE = YES;
				CLANG_WARN_UNGUARDED_AVAILABILITY = YES_AGGRESSIVE;
				CLANG_WARN_UNREACHABLE_CODE = YES;
				CLANG_WARN__DUPLICATE_METHOD_MATCH = YES;
				COPY_PHASE_STRIP = NO;
				DEBUG_INFORMATION_FORMAT = dwarf;
				ENABLE_STRICT_OBJC_MSGSEND = YES;
				ENABLE_TESTABILITY = YES;
				ENABLE_USER_SCRIPT_SANDBOXING = YES;
				GCC_C_LANGUAGE_STANDARD = gnu17;
				GCC_DYNAMIC_NO_PIC = NO;
				GCC_NO_COMMON_BLOCKS = YES;
				GCC_OPTIMIZATION_LEVEL = 0;
				GCC_PREPROCESSOR_DEFINITIONS = (
					"DEBUG=1",
					"$(inherited)",
				);
				GCC_WARN_64_TO_32_BIT_CONVERSION = YES;
				GCC_WARN_ABOUT_RETURN_TYPE = YES_ERROR;
				GCC_WARN_UNDECLARED_SELECTOR = YES;
				GCC_WARN_UNINITIALIZED_AUTOS = YES_AGGRESSIVE;
				GCC_WARN_UNUSED_FUNCTION = YES;
				GCC_WARN_UNUSED_VARIABLE = YES;
				IPHONEOS_DEPLOYMENT_TARGET = 18.2;
				LOCALIZATION_PREFERS_STRING_CATALOGS = YES;
				MTL_ENABLE_DEBUG_INFO = INCLUDE_SOURCE;
				MTL_FAST_MATH = YES;
				ONLY_ACTIVE_ARCH = YES;
				SDKROOT = iphoneos;
				SWIFT_ACTIVE_COMPILATION_CONDITIONS = "DEBUG $(inherited)";
				SWIFT_OPTIMIZATION_LEVEL = "-Onone";
			};
			name = Debug;
		};
		83AE1D642D3B31D100998E21 /* Release */ = {
			isa = XCBuildConfiguration;
			buildSettings = {
				ALWAYS_SEARCH_USER_PATHS = NO;
				ASSETCATALOG_COMPILER_GENERATE_SWIFT_ASSET_SYMBOL_EXTENSIONS = YES;
				CLANG_ANALYZER_NONNULL = YES;
				CLANG_ANALYZER_NUMBER_OBJECT_CONVERSION = YES_AGGRESSIVE;
				CLANG_CXX_LANGUAGE_STANDARD = "gnu++20";
				CLANG_ENABLE_MODULES = YES;
				CLANG_ENABLE_OBJC_ARC = YES;
				CLANG_ENABLE_OBJC_WEAK = YES;
				CLANG_WARN_BLOCK_CAPTURE_AUTORELEASING = YES;
				CLANG_WARN_BOOL_CONVERSION = YES;
				CLANG_WARN_COMMA = YES;
				CLANG_WARN_CONSTANT_CONVERSION = YES;
				CLANG_WARN_DEPRECATED_OBJC_IMPLEMENTATIONS = YES;
				CLANG_WARN_DIRECT_OBJC_ISA_USAGE = YES_ERROR;
				CLANG_WARN_DOCUMENTATION_COMMENTS = YES;
				CLANG_WARN_EMPTY_BODY = YES;
				CLANG_WARN_ENUM_CONVERSION = YES;
				CLANG_WARN_INFINITE_RECURSION = YES;
				CLANG_WARN_INT_CONVERSION = YES;
				CLANG_WARN_NON_LITERAL_NULL_CONVERSION = YES;
				CLANG_WARN_OBJC_IMPLICIT_RETAIN_SELF = YES;
				CLANG_WARN_OBJC_LITERAL_CONVERSION = YES;
				CLANG_WARN_OBJC_ROOT_CLASS = YES_ERROR;
				CLANG_WARN_QUOTED_INCLUDE_IN_FRAMEWORK_HEADER = YES;
				CLANG_WARN_RANGE_LOOP_ANALYSIS = YES;
				CLANG_WARN_STRICT_PROTOTYPES = YES;
				CLANG_WARN_SUSPICIOUS_MOVE = YES;
				CLANG_WARN_UNGUARDED_AVAILABILITY = YES_AGGRESSIVE;
				CLANG_WARN_UNREACHABLE_CODE = YES;
				CLANG_WARN__DUPLICATE_METHOD_MATCH = YES;
				COPY_PHASE_STRIP = NO;
				DEBUG_INFORMATION_FORMAT = "dwarf-with-dsym";
				ENABLE_NS_ASSERTIONS = NO;
				ENABLE_STRICT_OBJC_MSGSEND = YES;
				ENABLE_USER_SCRIPT_SANDBOXING = YES;
				GCC_C_LANGUAGE_STANDARD = gnu17;
				GCC_NO_COMMON_BLOCKS = YES;
				GCC_WARN_64_TO_32_BIT_CONVERSION = YES;
				GCC_WARN_ABOUT_RETURN_TYPE = YES_ERROR;
				GCC_WARN_UNDECLARED_SELECTOR = YES;
				GCC_WARN_UNINITIALIZED_AUTOS = YES_AGGRESSIVE;
				GCC_WARN_UNUSED_FUNCTION = YES;
				GCC_WARN_UNUSED_VARIABLE = YES;
				IPHONEOS_DEPLOYMENT_TARGET = 18.2;
				LOCALIZATION_PREFERS_STRING_CATALOGS = YES;
				MTL_ENABLE_DEBUG_INFO = NO;
				MTL_FAST_MATH = YES;
				SDKROOT = iphoneos;
				SWIFT_COMPILATION_MODE = wholemodule;
				VALIDATE_PRODUCT = YES;
			};
			name = Release;
		};
		83AE1D662D3B31D100998E21 /* Debug */ = {
			isa = XCBuildConfiguration;
			buildSettings = {
				BUNDLE_LOADER = "$(TEST_HOST)";
				CODE_SIGN_STYLE = Automatic;
				CURRENT_PROJECT_VERSION = 1;
				DEVELOPMENT_TEAM = Y6MXH3WF8X;
				GENERATE_INFOPLIST_FILE = YES;
				IPHONEOS_DEPLOYMENT_TARGET = 18.2;
				MARKETING_VERSION = 1.0;
				PRODUCT_BUNDLE_IDENTIFIER = n1g1.MyCustomCollectionTests;
				PRODUCT_NAME = "$(TARGET_NAME)";
				SWIFT_EMIT_LOC_STRINGS = NO;
				SWIFT_VERSION = 5.0;
				TARGETED_DEVICE_FAMILY = "1,2";
				TEST_HOST = "$(BUILT_PRODUCTS_DIR)/MyCustomCollection.app/$(BUNDLE_EXECUTABLE_FOLDER_PATH)/MyCustomCollection";
			};
			name = Debug;
		};
		83AE1D672D3B31D100998E21 /* Release */ = {
			isa = XCBuildConfiguration;
			buildSettings = {
				BUNDLE_LOADER = "$(TEST_HOST)";
				CODE_SIGN_STYLE = Automatic;
				CURRENT_PROJECT_VERSION = 1;
				DEVELOPMENT_TEAM = Y6MXH3WF8X;
				GENERATE_INFOPLIST_FILE = YES;
				IPHONEOS_DEPLOYMENT_TARGET = 18.2;
				MARKETING_VERSION = 1.0;
				PRODUCT_BUNDLE_IDENTIFIER = n1g1.MyCustomCollectionTests;
				PRODUCT_NAME = "$(TARGET_NAME)";
				SWIFT_EMIT_LOC_STRINGS = NO;
				SWIFT_VERSION = 5.0;
				TARGETED_DEVICE_FAMILY = "1,2";
				TEST_HOST = "$(BUILT_PRODUCTS_DIR)/MyCustomCollection.app/$(BUNDLE_EXECUTABLE_FOLDER_PATH)/MyCustomCollection";
			};
			name = Release;
		};
		83AE1D692D3B31D100998E21 /* Debug */ = {
			isa = XCBuildConfiguration;
			buildSettings = {
				CODE_SIGN_STYLE = Automatic;
				CURRENT_PROJECT_VERSION = 1;
				DEVELOPMENT_TEAM = Y6MXH3WF8X;
				GENERATE_INFOPLIST_FILE = YES;
				MARKETING_VERSION = 1.0;
				PRODUCT_BUNDLE_IDENTIFIER = n1g1.MyCustomCollectionUITests;
				PRODUCT_NAME = "$(TARGET_NAME)";
				SWIFT_EMIT_LOC_STRINGS = NO;
				SWIFT_VERSION = 5.0;
				TARGETED_DEVICE_FAMILY = "1,2";
				TEST_TARGET_NAME = MyCustomCollection;
			};
			name = Debug;
		};
		83AE1D6A2D3B31D100998E21 /* Release */ = {
			isa = XCBuildConfiguration;
			buildSettings = {
				CODE_SIGN_STYLE = Automatic;
				CURRENT_PROJECT_VERSION = 1;
				DEVELOPMENT_TEAM = Y6MXH3WF8X;
				GENERATE_INFOPLIST_FILE = YES;
				MARKETING_VERSION = 1.0;
				PRODUCT_BUNDLE_IDENTIFIER = n1g1.MyCustomCollectionUITests;
				PRODUCT_NAME = "$(TARGET_NAME)";
				SWIFT_EMIT_LOC_STRINGS = NO;
				SWIFT_VERSION = 5.0;
				TARGETED_DEVICE_FAMILY = "1,2";
				TEST_TARGET_NAME = MyCustomCollection;
			};
			name = Release;
		};
/* End XCBuildConfiguration section */

/* Begin XCConfigurationList section */
		83AE1D322D3B31D000998E21 /* Build configuration list for PBXProject "MyCustomCollection" */ = {
			isa = XCConfigurationList;
			buildConfigurations = (
				83AE1D632D3B31D100998E21 /* Debug */,
				83AE1D642D3B31D100998E21 /* Release */,
			);
			defaultConfigurationIsVisible = 0;
			defaultConfigurationName = Release;
		};
		83AE1D602D3B31D100998E21 /* Build configuration list for PBXNativeTarget "MyCustomCollection" */ = {
			isa = XCConfigurationList;
			buildConfigurations = (
				83AE1D612D3B31D100998E21 /* Debug */,
				83AE1D622D3B31D100998E21 /* Release */,
			);
			defaultConfigurationIsVisible = 0;
			defaultConfigurationName = Release;
		};
		83AE1D652D3B31D100998E21 /* Build configuration list for PBXNativeTarget "MyCustomCollectionTests" */ = {
			isa = XCConfigurationList;
			buildConfigurations = (
				83AE1D662D3B31D100998E21 /* Debug */,
				83AE1D672D3B31D100998E21 /* Release */,
			);
			defaultConfigurationIsVisible = 0;
			defaultConfigurationName = Release;
		};
		83AE1D682D3B31D100998E21 /* Build configuration list for PBXNativeTarget "MyCustomCollectionUITests" */ = {
			isa = XCConfigurationList;
			buildConfigurations = (
				83AE1D692D3B31D100998E21 /* Debug */,
				83AE1D6A2D3B31D100998E21 /* Release */,
			);
			defaultConfigurationIsVisible = 0;
			defaultConfigurationName = Release;
		};
/* End XCConfigurationList section */
	};
	rootObject = 83AE1D2F2D3B31D000998E21 /* Project object */;
}
